github.com/gorilla/mux v1.8.0 h1:i40aqfkR1h2SlN9hojwV5ZA91wcXFOvkdNIeFDP5koI=
github.com/gorilla/mux v1.8.0/go.mod h1:DVbg23sWSpFRCP0SfiEN6jmj59UnW/n46BH5rLB71So=
github.com/kataras/golog v0.1.7 h1:0TY5tHn5L5DlRIikepcaRR/6oInIr9AiWsxzt0vvlBE=
github.com/kataras/golog v0.1.7/go.mod h1:jOSQ+C5fUqsNSwurB/oAHq1IFSb0KI3l6GMa7xB6dZA=
github.com/kataras/pio v0.0.10 h1:b0qtPUqOpM2O+bqa5wr2O6dN4cQNwSmFd6HQqgVae0g=
github.com/kataras/pio v0.0.10/go.mod h1:gS3ui9xSD+lAUpbYnjOGiQyY7sUMJO+EHpiRzhtZ5no=
golang.org/x/sys v0.0.0-20210317225723-c4fcb01b228e h1:XNp2Flc/1eWQGk5BLzqTAN7fQIwIbfyVTuVxXxZh73M=
golang.org/x/sys v0.0.0-20210317225723-c4fcb01b228e/go.mod h1:h1NjWce9XRLGQEsW7wpKNCjG9DtNlClVuFLEZdDNbEs=
